
Microsoft Visual Studio Solution File, Format Version 12.00
# Visual Studio 2012
Project("{FAE04EC0-301F-11D3-BF4B-00C04F79EFBC}") = "iOSActionView", "iOSActionView\iOSActionView.csproj", "{3A9B1F22-7808-41A1-BBF8-36E5ABF83380}"
EndProject
Global
	GlobalSection(SolutionConfigurationPlatforms) = preSolution
		Debug|iPhoneSimulator = Debug|iPhoneSimulator
		Release|iPhone = Release|iPhone
		Release|iPhoneSimulator = Release|iPhoneSimulator
		Debug|iPhone = Debug|iPhone
	EndGlobalSection
	GlobalSection(ProjectConfigurationPlatforms) = postSolution
		{3A9B1F22-7808-41A1-BBF8-36E5ABF83380}.Debug|iPhoneSimulator.ActiveCfg = Debug|iPhoneSimulator
		{3A9B1F22-7808-41A1-BBF8-36E5ABF83380}.Debug|iPhoneSimulator.Build.0 = Debug|iPhoneSimulator
		{3A9B1F22-7808-41A1-BBF8-36E5ABF83380}.Release|iPhone.ActiveCfg = Release|iPhone
		{3A9B1F22-7808-41A1-BBF8-36E5ABF83380}.Release|iPhone.Build.0 = Release|iPhone
		{3A9B1F22-7808-41A1-BBF8-36E5ABF83380}.Release|iPhoneSimulator.ActiveCfg = Release|iPhoneSimulator
		{3A9B1F22-7808-41A1-BBF8-36E5ABF83380}.Release|iPhoneSimulator.Build.0 = Release|iPhoneSimulator
		{3A9B1F22-7808-41A1-BBF8-36E5ABF83380}.Debug|iPhone.ActiveCfg = Debug|iPhone
		{3A9B1F22-7808-41A1-BBF8-36E5ABF83380}.Debug|iPhone.Build.0 = Debug|iPhone
	EndGlobalSection
EndGlobal
